# THIS IS AN AUTOGENERATED FILE. DO NOT EDIT THIS FILE DIRECTLY.
# yarn lockfile v1


"@babel/parser@^7.23.6":
  version "7.23.6"
  resolved "https://registry.npmmirror.com/@babel/parser/-/parser-7.23.6.tgz#ba1c9e512bda72a47e285ae42aff9d2a635a9e3b"
  integrity sha512-Z2uID7YJ7oNvAI20O9X0bblw7Qqs8Q2hFy0R9tAfnfLkp5MW0UH9eUvnDSnFwKZ0AvgS1ucqR4KzvVHgnke1VQ==

"@jridgewell/sourcemap-codec@^1.4.15":
  version "1.4.15"
  resolved "https://registry.npmmirror.com/@jridgewell/sourcemap-codec/-/sourcemap-codec-1.4.15.tgz#d7c6e6755c78567a951e04ab52ef0fd26de59f32"
  integrity sha512-eF2rxCRulEKXHTRiDrDy6erMYWqNw4LPdQ8UQA4huuxaQsVeRPFl2oM8oDGxMFhJUWZf9McpLtJasDDZb/Bpeg==

"@vue/compiler-core@3.4.13":
  version "3.4.13"
  resolved "https://registry.npmmirror.com/@vue/compiler-core/-/compiler-core-3.4.13.tgz#49f499034c25b0832845028ea3cd701fe5a17367"
  integrity sha512-zGUdmB3j3Irn9z51GXLJ5s0EAHxmsm5/eXl0y6MBaajMeOAaiT4+zaDoxui4Ets98dwIRr8BBaqXXHtHSfm+KA==
  dependencies:
    "@babel/parser" "^7.23.6"
    "@vue/shared" "3.4.13"
    entities "^4.5.0"
    estree-walker "^2.0.2"
    source-map-js "^1.0.2"

"@vue/compiler-dom@3.4.13":
  version "3.4.13"
  resolved "https://registry.npmmirror.com/@vue/compiler-dom/-/compiler-dom-3.4.13.tgz#66a80a6ee412a3d32b7175a146b75d9ec3d1c50c"
  integrity sha512-XSNbpr5Rs3kCfVAmBqMu/HDwOS+RL6y28ZZjDlnDUuf146pRWt2sQkwhsOYc9uu2lxjjJy2NcyOkK7MBLVEc7w==
  dependencies:
    "@vue/compiler-core" "3.4.13"
    "@vue/shared" "3.4.13"

"@vue/compiler-sfc@3.4.13":
  version "3.4.13"
  resolved "https://registry.npmmirror.com/@vue/compiler-sfc/-/compiler-sfc-3.4.13.tgz#0f5f6db0e64f522c09995585453ae5f13ba54c60"
  integrity sha512-SkpmQN8xIFBd5onT413DFSDdjxULJf6jmJg/t3w/DZ9I8ZzyNlLIBLO0qFLewVHyHCiAgpPZlWqSRZXYrawk3Q==
  dependencies:
    "@babel/parser" "^7.23.6"
    "@vue/compiler-core" "3.4.13"
    "@vue/compiler-dom" "3.4.13"
    "@vue/compiler-ssr" "3.4.13"
    "@vue/shared" "3.4.13"
    estree-walker "^2.0.2"
    magic-string "^0.30.5"
    postcss "^8.4.32"
    source-map-js "^1.0.2"

"@vue/compiler-ssr@3.4.13":
  version "3.4.13"
  resolved "https://registry.npmmirror.com/@vue/compiler-ssr/-/compiler-ssr-3.4.13.tgz#90fa9a4116f7974d7a4e43a8a67f3fc162e8720f"
  integrity sha512-rwnw9SVBgD6eGKh8UucnwztieQo/R3RQrEGpE0b0cxb2xxvJeLs/fe7DoYlhEfaSyzM/qD5odkK87hl3G3oW+A==
  dependencies:
    "@vue/compiler-dom" "3.4.13"
    "@vue/shared" "3.4.13"

"@vue/reactivity@3.4.13":
  version "3.4.13"
  resolved "https://registry.npmmirror.com/@vue/reactivity/-/reactivity-3.4.13.tgz#7eeeb9d598512f66e06a6438fd53464014b5ae59"
  integrity sha512-/ZdUOrGKkGVONzVJkfDqNcn2fLMvaa5VlYx2KwTbnRbX06YZ4GJE0PVTmWzIxtBYdpSTLLXgw3pDggO+96KXzg==
  dependencies:
    "@vue/shared" "3.4.13"

"@vue/runtime-core@3.4.13":
  version "3.4.13"
  resolved "https://registry.npmmirror.com/@vue/runtime-core/-/runtime-core-3.4.13.tgz#776cad7c1d56ec5e92a48e040c8483b89f779542"
  integrity sha512-Ov4d4At7z3goxqzSqQxdfVYEcN5HY4dM1uDYL6Hu/Es9Za9BEN602zyjWhhi2+BEki5F9NizRSvn02k/tqNWlg==
  dependencies:
    "@vue/reactivity" "3.4.13"
    "@vue/shared" "3.4.13"

"@vue/runtime-dom@3.4.13":
  version "3.4.13"
  resolved "https://registry.npmmirror.com/@vue/runtime-dom/-/runtime-dom-3.4.13.tgz#74aff1494bee49c037b9c5355d8998c793ac0977"
  integrity sha512-ynde9p16eEV3u1VCxUre2e0nKzD0l3NzH0r599+bXeLT1Yhac8Atcot3iL9XNqwolxYCI89KBII+2MSVzfrz6w==
  dependencies:
    "@vue/runtime-core" "3.4.13"
    "@vue/shared" "3.4.13"
    csstype "^3.1.3"

"@vue/server-renderer@3.4.13":
  version "3.4.13"
  resolved "https://registry.npmmirror.com/@vue/server-renderer/-/server-renderer-3.4.13.tgz#b8c9cfb2147c0a01feba7f136d3a432848dafcab"
  integrity sha512-hkw+UQyDZZtSn1q30nObMfc8beVEQv2pG08nghigxGw+iOWodR+tWSuJak0mzWAHlP/xt/qLc//dG6igfgvGEA==
  dependencies:
    "@vue/compiler-ssr" "3.4.13"
    "@vue/shared" "3.4.13"

"@vue/shared@3.4.13":
  version "3.4.13"
  resolved "https://registry.npmmirror.com/@vue/shared/-/shared-3.4.13.tgz#a1eefce5ddffe207d53eafbc07f4ebbea0a4768a"
  integrity sha512-56crFKLPpzk85WXX1L1c0QzPOuoapWlPVys8eMG8kkRmqdMjWUqK8KpFdE2d7BQA4CEbXwyyHPq6MpFr8H9rcg==

csstype@^3.1.3:
  version "3.1.3"
  resolved "https://registry.npmmirror.com/csstype/-/csstype-3.1.3.tgz#d80ff294d114fb0e6ac500fbf85b60137d7eff81"
  integrity sha512-M1uQkMl8rQK/szD0LNhtqxIPLpimGm8sOBwU7lLnCpSbTyY3yeU1Vc7l4KT5zT4s/yOxHH5O7tIuuLOCnLADRw==

entities@^4.5.0:
  version "4.5.0"
  resolved "https://registry.npmmirror.com/entities/-/entities-4.5.0.tgz#5d268ea5e7113ec74c4d033b79ea5a35a488fb48"
  integrity sha512-V0hjH4dGPh9Ao5p0MoRY6BVqtwCjhz6vI5LT8AJ55H+4g9/4vbHx1I54fS0XuclLhDHArPQCiMjDxjaL8fPxhw==

estree-walker@^2.0.2:
  version "2.0.2"
  resolved "https://registry.npmmirror.com/estree-walker/-/estree-walker-2.0.2.tgz#52f010178c2a4c117a7757cfe942adb7d2da4cac"
  integrity sha512-Rfkk/Mp/DL7JVje3u18FxFujQlTNR2q6QfMSMB7AvCBx91NGj/ba3kCfza0f6dVDbw7YlRf/nDrn7pQrCCyQ/w==

fs@0.0.1-security:
  version "0.0.1-security"
  resolved "https://registry.npmmirror.com/fs/-/fs-0.0.1-security.tgz#8a7bd37186b6dddf3813f23858b57ecaaf5e41d4"
  integrity sha512-3XY9e1pP0CVEUCdj5BmfIZxRBTSDycnbqhIOGec9QYtmVH2fbLpj86CFWkrNOkt/Fvty4KZG5lTglL9j/gJ87w==

http@0.0.1-security:
  version "0.0.1-security"
  resolved "https://registry.npmmirror.com/http/-/http-0.0.1-security.tgz#3aac09129d12dc2747bbce4157afde20ad1f7995"
  integrity sha512-RnDvP10Ty9FxqOtPZuxtebw1j4L/WiqNMDtuc1YMH1XQm5TgDRaR1G9u8upL6KD1bXHSp9eSXo/ED+8Q7FAr+g==

inherits@2.0.3:
  version "2.0.3"
  resolved "https://registry.npmmirror.com/inherits/-/inherits-2.0.3.tgz#633c2c83e3da42a502f52466022480f4208261de"
  integrity sha512-x00IRNXNy63jwGkJmzPigoySHbaqpNuzKbBOmzK+g2OdZpQ9w+sxCN+VSB3ja7IAge2OP2qpfxTjeNcyjmW1uw==

magic-string@^0.30.5:
  version "0.30.5"
  resolved "https://registry.npmmirror.com/magic-string/-/magic-string-0.30.5.tgz#1994d980bd1c8835dc6e78db7cbd4ae4f24746f9"
  integrity sha512-7xlpfBaQaP/T6Vh8MO/EqXSW5En6INHEvEXQiuff7Gku0PWjU3uf6w/j9o7O+SpB5fOAkrI5HeoNgwjEO0pFsA==
  dependencies:
    "@jridgewell/sourcemap-codec" "^1.4.15"

nanoid@^3.3.7:
  version "3.3.7"
  resolved "https://registry.npmmirror.com/nanoid/-/nanoid-3.3.7.tgz#d0c301a691bc8d54efa0a2226ccf3fe2fd656bd8"
  integrity sha512-eSRppjcPIatRIMC1U6UngP8XFcz8MQWGQdt1MTBQ7NaAmvXDfvNxbvWV3x2y6CdEUciCSsDHDQZbhYaB8QEo2g==

path@^0.12.7:
  version "0.12.7"
  resolved "https://registry.npmmirror.com/path/-/path-0.12.7.tgz#d4dc2a506c4ce2197eb481ebfcd5b36c0140b10f"
  integrity sha512-aXXC6s+1w7otVF9UletFkFcDsJeO7lSZBPUQhtb5O0xJe8LtYhj/GxldoL09bBj9+ZmE2hNoHqQSFMN5fikh4Q==
  dependencies:
    process "^0.11.1"
    util "^0.10.3"

picocolors@^1.0.0:
  version "1.0.0"
  resolved "https://registry.npmmirror.com/picocolors/-/picocolors-1.0.0.tgz#cb5bdc74ff3f51892236eaf79d68bc44564ab81c"
  integrity sha512-1fygroTLlHu66zi26VoTDv8yRgm0Fccecssto+MhsZ0D/DGW2sm8E8AjW7NU5VVTRt5GxbeZ5qBuJr+HyLYkjQ==

postcss@^8.4.32:
  version "8.4.33"
  resolved "https://registry.npmmirror.com/postcss/-/postcss-8.4.33.tgz#1378e859c9f69bf6f638b990a0212f43e2aaa742"
  integrity sha512-Kkpbhhdjw2qQs2O2DGX+8m5OVqEcbB9HRBvuYM9pgrjEFUg30A9LmXNlTAUj4S9kgtGyrMbTzVjH7E+s5Re2yg==
  dependencies:
    nanoid "^3.3.7"
    picocolors "^1.0.0"
    source-map-js "^1.0.2"

process@^0.11.1:
  version "0.11.10"
  resolved "https://registry.npmmirror.com/process/-/process-0.11.10.tgz#7332300e840161bda3e69a1d1d91a7d4bc16f182"
  integrity sha512-cdGef/drWFoydD1JsMzuFf8100nZl+GT+yacc2bEced5f9Rjk4z+WtFUTBu9PhOi9j/jfmBPu0mMEY4wIdAF8A==

source-map-js@^1.0.2:
  version "1.0.2"
  resolved "https://registry.npmmirror.com/source-map-js/-/source-map-js-1.0.2.tgz#adbc361d9c62df380125e7f161f71c826f1e490c"
  integrity sha512-R0XvVJ9WusLiqTCEiGCmICCMplcCkIwwR11mOSD9CR5u+IXYdiseeEuXCVAjS54zqwkLcPNnmU4OeJ6tUrWhDw==

util@^0.10.3:
  version "0.10.4"
  resolved "https://registry.npmmirror.com/util/-/util-0.10.4.tgz#3aa0125bfe668a4672de58857d3ace27ecb76901"
  integrity sha512-0Pm9hTQ3se5ll1XihRic3FDIku70C+iHUdT/W926rSgHV5QgXsYbKZN8MSC3tJtSkhuROzvsQjAaFENRXr+19A==
  dependencies:
    inherits "2.0.3"

vue@^3.2.45:
  version "3.4.13"
  resolved "https://registry.npmmirror.com/vue/-/vue-3.4.13.tgz#aa522baf2344d1c4c54c769f66c0151f1872f1ff"
  integrity sha512-FE3UZ0p+oUZTwz+SzlH/hDFg+XsVRFvwmx0LXjdD1pRK/cO4fu5v6ltAZji4za4IBih3dV78elUK3di8v3pWIg==
  dependencies:
    "@vue/compiler-dom" "3.4.13"
    "@vue/compiler-sfc" "3.4.13"
    "@vue/runtime-dom" "3.4.13"
    "@vue/server-renderer" "3.4.13"
    "@vue/shared" "3.4.13"
